
Microsoft Visual Studio Solution File, Format Version 12.00
# Visual Studio 2015
Project("{FAE04EC0-301F-11D3-BF4B-00C04F79EFBC}") = "ArmedDolls45_82a.CSharp.Plugins", "ArmedDolls45_82a.CSharp.Plugins.csproj", "{DC43D20F-FDCC-1295-7E67-508CA6FA2011}"
EndProject
Project("{FAE04EC0-301F-11D3-BF4B-00C04F79EFBC}") = "ArmedDolls45_82a.CSharp", "ArmedDolls45_82a.CSharp.csproj", "{C3BA7C5D-D8C8-9BA9-39E7-CD98E680A49E}"
EndProject
Project("{FAE04EC0-301F-11D3-BF4B-00C04F79EFBC}") = "ArmedDolls45_82a.CSharp.Editor", "ArmedDolls45_82a.CSharp.Editor.csproj", "{ED93ED04-B883-572F-66B1-AED42A7A5688}"
EndProject
Global
	GlobalSection(SolutionConfigurationPlatforms) = preSolution
		Debug|Any CPU = Debug|Any CPU
		Release|Any CPU = Release|Any CPU
	EndGlobalSection
	GlobalSection(ProjectConfigurationPlatforms) = postSolution
		{DC43D20F-FDCC-1295-7E67-508CA6FA2011}.Debug|Any CPU.ActiveCfg = Debug|Any CPU
		{DC43D20F-FDCC-1295-7E67-508CA6FA2011}.Debug|Any CPU.Build.0 = Debug|Any CPU
		{DC43D20F-FDCC-1295-7E67-508CA6FA2011}.Release|Any CPU.ActiveCfg = Release|Any CPU
		{DC43D20F-FDCC-1295-7E67-508CA6FA2011}.Release|Any CPU.Build.0 = Release|Any CPU
		{C3BA7C5D-D8C8-9BA9-39E7-CD98E680A49E}.Debug|Any CPU.ActiveCfg = Debug|Any CPU
		{C3BA7C5D-D8C8-9BA9-39E7-CD98E680A49E}.Debug|Any CPU.Build.0 = Debug|Any CPU
		{C3BA7C5D-D8C8-9BA9-39E7-CD98E680A49E}.Release|Any CPU.ActiveCfg = Release|Any CPU
		{C3BA7C5D-D8C8-9BA9-39E7-CD98E680A49E}.Release|Any CPU.Build.0 = Release|Any CPU
		{ED93ED04-B883-572F-66B1-AED42A7A5688}.Debug|Any CPU.ActiveCfg = Debug|Any CPU
		{ED93ED04-B883-572F-66B1-AED42A7A5688}.Debug|Any CPU.Build.0 = Debug|Any CPU
		{ED93ED04-B883-572F-66B1-AED42A7A5688}.Release|Any CPU.ActiveCfg = Release|Any CPU
		{ED93ED04-B883-572F-66B1-AED42A7A5688}.Release|Any CPU.Build.0 = Release|Any CPU
	EndGlobalSection
	GlobalSection(SolutionProperties) = preSolution
		HideSolutionNode = FALSE
	EndGlobalSection
EndGlobal
